
Microsoft Visual Studio Solution File, Format Version 12.00
# Visual Studio Version 17
VisualStudioVersion = 17.5.002.0
MinimumVisualStudioVersion = 10.0.40219.1
Project("{9A19103F-16F7-4668-BE54-9A1E7A4F7556}") = "Personnummer-applikation", "Personnummer-applikation\Personnummer-applikation.csproj", "{7DCE1CB8-8096-4126-8DD0-F097528E8D16}"
EndProject
Project("{2150E333-8FDC-42A3-9474-1A3956D46DE8}") = "Test", "Test", "{5EA8A70C-463E-4C51-B414-31A1AE5F47A3}"
EndProject
Project("{9A19103F-16F7-4668-BE54-9A1E7A4F7556}") = "PersonnummerValidering.Tests", "Test\PersonnummerValidering.Tests\PersonnummerValidering.Tests.csproj", "{EC60670A-7F53-4884-A9B4-D81D7AC8EC70}"
EndProject
Global
	GlobalSection(SolutionConfigurationPlatforms) = preSolution
		Debug|Any CPU = Debug|Any CPU
		Release|Any CPU = Release|Any CPU
	EndGlobalSection
	GlobalSection(ProjectConfigurationPlatforms) = postSolution
		{7DCE1CB8-8096-4126-8DD0-F097528E8D16}.Debug|Any CPU.ActiveCfg = Debug|Any CPU
		{7DCE1CB8-8096-4126-8DD0-F097528E8D16}.Debug|Any CPU.Build.0 = Debug|Any CPU
		{7DCE1CB8-8096-4126-8DD0-F097528E8D16}.Release|Any CPU.ActiveCfg = Release|Any CPU
		{7DCE1CB8-8096-4126-8DD0-F097528E8D16}.Release|Any CPU.Build.0 = Release|Any CPU
		{EC60670A-7F53-4884-A9B4-D81D7AC8EC70}.Debug|Any CPU.ActiveCfg = Debug|Any CPU
		{EC60670A-7F53-4884-A9B4-D81D7AC8EC70}.Debug|Any CPU.Build.0 = Debug|Any CPU
		{EC60670A-7F53-4884-A9B4-D81D7AC8EC70}.Release|Any CPU.ActiveCfg = Release|Any CPU
		{EC60670A-7F53-4884-A9B4-D81D7AC8EC70}.Release|Any CPU.Build.0 = Release|Any CPU
	EndGlobalSection
	GlobalSection(SolutionProperties) = preSolution
		HideSolutionNode = FALSE
	EndGlobalSection
	GlobalSection(NestedProjects) = preSolution
		{EC60670A-7F53-4884-A9B4-D81D7AC8EC70} = {5EA8A70C-463E-4C51-B414-31A1AE5F47A3}
	EndGlobalSection
	GlobalSection(ExtensibilityGlobals) = postSolution
		SolutionGuid = {8FA69902-1B7D-4227-BC12-CFBAC0EFCF2E}
	EndGlobalSection
EndGlobal
